// !$*UTF8*$!
{
	archiveVersion = 1;
	classes = {
	};
	objectVersion = 50;
	objects = {

/* Begin PBXBuildFile section */
		A6AA19FA2612CE4E00B5B722 /* AppDelegate.swift in Sources */ = {isa = PBXBuildFile; fileRef = A6AA19F92612CE4E00B5B722 /* AppDelegate.swift */; };
		A6AA19FC2612CE4E00B5B722 /* SceneDelegate.swift in Sources */ = {isa = PBXBuildFile; fileRef = A6AA19FB2612CE4E00B5B722 /* SceneDelegate.swift */; };
		A6AA1A032612CE4E00B5B722 /* Assets.xcassets in Resources */ = {isa = PBXBuildFile; fileRef = A6AA1A022612CE4E00B5B722 /* Assets.xcassets */; };
		A6AA1A062612CE4E00B5B722 /* LaunchScreen.storyboard in Resources */ = {isa = PBXBuildFile; fileRef = A6AA1A042612CE4E00B5B722 /* LaunchScreen.storyboard */; };
		A6AA1A122612CF8000B5B722 /* StopListController.swift in Sources */ = {isa = PBXBuildFile; fileRef = A6AA1A112612CF8000B5B722 /* StopListController.swift */; };
		A6AA1A192612CFD800B5B722 /* WebService.swift in Sources */ = {isa = PBXBuildFile; fileRef = A6AA1A182612CFD800B5B722 /* WebService.swift */; };
		A6AA1A1D2612D15800B5B722 /* Route.swift in Sources */ = {isa = PBXBuildFile; fileRef = A6AA1A1C2612D15800B5B722 /* Route.swift */; };
		A6AA1A202612D19900B5B722 /* Stop.swift in Sources */ = {isa = PBXBuildFile; fileRef = A6AA1A1F2612D19900B5B722 /* Stop.swift */; };
/* End PBXBuildFile section */

/* Begin PBXFileReference section */
		A6AA19F62612CE4E00B5B722 /* TTC-Routes.app */ = {isa = PBXFileReference; explicitFileType = wrapper.application; includeInIndex = 0; path = "TTC-Routes.app"; sourceTree = BUILT_PRODUCTS_DIR; };
		A6AA19F92612CE4E00B5B722 /* AppDelegate.swift */ = {isa = PBXFileReference; lastKnownFileType = sourcecode.swift; path = AppDelegate.swift; sourceTree = "<group>"; };
		A6AA19FB2612CE4E00B5B722 /* SceneDelegate.swift */ = {isa = PBXFileReference; lastKnownFileType = sourcecode.swift; path = SceneDelegate.swift; sourceTree = "<group>"; };
		A6AA1A022612CE4E00B5B722 /* Assets.xcassets */ = {isa = PBXFileReference; lastKnownFileType = folder.assetcatalog; path = Assets.xcassets; sourceTree = "<group>"; };
		A6AA1A052612CE4E00B5B722 /* Base */ = {isa = PBXFileReference; lastKnownFileType = file.storyboard; name = Base; path = Base.lproj/LaunchScreen.storyboard; sourceTree = "<group>"; };
		A6AA1A072612CE4E00B5B722 /* Info.plist */ = {isa = PBXFileReference; lastKnownFileType = text.plist.xml; path = Info.plist; sourceTree = "<group>"; };
		A6AA1A112612CF8000B5B722 /* StopListController.swift */ = {isa = PBXFileReference; lastKnownFileType = sourcecode.swift; path = StopListController.swift; sourceTree = "<group>"; };
		A6AA1A182612CFD800B5B722 /* WebService.swift */ = {isa = PBXFileReference; lastKnownFileType = sourcecode.swift; path = WebService.swift; sourceTree = "<group>"; };
		A6AA1A1C2612D15800B5B722 /* Route.swift */ = {isa = PBXFileReference; lastKnownFileType = sourcecode.swift; path = Route.swift; sourceTree = "<group>"; };
		A6AA1A1F2612D19900B5B722 /* Stop.swift */ = {isa = PBXFileReference; lastKnownFileType = sourcecode.swift; path = Stop.swift; sourceTree = "<group>"; };
/* End PBXFileReference section */

/* Begin PBXFrameworksBuildPhase section */
		A6AA19F32612CE4E00B5B722 /* Frameworks */ = {
			isa = PBXFrameworksBuildPhase;
			buildActionMask = 2147483647;
			files = (
			);
			runOnlyForDeploymentPostprocessing = 0;
		};
/* End PBXFrameworksBuildPhase section */

/* Begin PBXGroup section */
		A6AA19ED2612CE4E00B5B722 = {
			isa = PBXGroup;
			children = (
				A6AA19F82612CE4E00B5B722 /* TTC-Routes */,
				A6AA19F72612CE4E00B5B722 /* Products */,
			);
			sourceTree = "<group>";
		};
		A6AA19F72612CE4E00B5B722 /* Products */ = {
			isa = PBXGroup;
			children = (
				A6AA19F62612CE4E00B5B722 /* TTC-Routes.app */,
			);
			name = Products;
			sourceTree = "<group>";
		};
		A6AA19F82612CE4E00B5B722 /* TTC-Routes */ = {
			isa = PBXGroup;
			children = (
				A6AA1A172612CFCE00B5B722 /* Extensions */,
				A6AA1A162612CFC600B5B722 /* Services */,
				A6AA1A152612CFB800B5B722 /* Models */,
				A6AA1A102612CF6D00B5B722 /* Controllers */,
				A6AA19F92612CE4E00B5B722 /* AppDelegate.swift */,
				A6AA19FB2612CE4E00B5B722 /* SceneDelegate.swift */,
				A6AA1A022612CE4E00B5B722 /* Assets.xcassets */,
				A6AA1A042612CE4E00B5B722 /* LaunchScreen.storyboard */,
				A6AA1A072612CE4E00B5B722 /* Info.plist */,
			);
			path = "TTC-Routes";
			sourceTree = "<group>";
		};
		A6AA1A102612CF6D00B5B722 /* Controllers */ = {
			isa = PBXGroup;
			children = (
				A6AA1A112612CF8000B5B722 /* StopListController.swift */,
			);
			path = Controllers;
			sourceTree = "<group>";
		};
		A6AA1A152612CFB800B5B722 /* Models */ = {
			isa = PBXGroup;
			children = (
				A6AA1A1F2612D19900B5B722 /* Stop.swift */,
				A6AA1A1C2612D15800B5B722 /* Route.swift */,
			);
			path = Models;
			sourceTree = "<group>";
		};
		A6AA1A162612CFC600B5B722 /* Services */ = {
			isa = PBXGroup;
			children = (
				A6AA1A182612CFD800B5B722 /* WebService.swift */,
			);
			path = Services;
			sourceTree = "<group>";
		};
		A6AA1A172612CFCE00B5B722 /* Extensions */ = {
			isa = PBXGroup;
			children = (
			);
			path = Extensions;
			sourceTree = "<group>";
		};
/* End PBXGroup section */

/* Begin PBXNativeTarget section */
		A6AA19F52612CE4E00B5B722 /* TTC-Routes */ = {
			isa = PBXNativeTarget;
			buildConfigurationList = A6AA1A0A2612CE4E00B5B722 /* Build configuration list for PBXNativeTarget "TTC-Routes" */;
			buildPhases = (
				A6AA19F22612CE4E00B5B722 /* Sources */,
				A6AA19F32612CE4E00B5B722 /* Frameworks */,
				A6AA19F42612CE4E00B5B722 /* Resources */,
			);
			buildRules = (
			);
			dependencies = (
			);
			name = "TTC-Routes";
			productName = "TTC-Routes";
			productReference = A6AA19F62612CE4E00B5B722 /* TTC-Routes.app */;
			productType = "com.apple.product-type.application";
		};
/* End PBXNativeTarget section */

/* Begin PBXProject section */
		A6AA19EE2612CE4E00B5B722 /* Project object */ = {
			isa = PBXProject;
			attributes = {
				LastSwiftUpdateCheck = 1240;
				LastUpgradeCheck = 1240;
				TargetAttributes = {
					A6AA19F52612CE4E00B5B722 = {
						CreatedOnToolsVersion = 12.4;
					};
				};
			};
			buildConfigurationList = A6AA19F12612CE4E00B5B722 /* Build configuration list for PBXProject "TTC-Routes" */;
			compatibilityVersion = "Xcode 9.3";
			developmentRegion = en;
			hasScannedForEncodings = 0;
			knownRegions = (
				en,
				Base,
			);
			mainGroup = A6AA19ED2612CE4E00B5B722;
			productRefGroup = A6AA19F72612CE4E00B5B722 /* Products */;
			projectDirPath = "";
			projectRoot = "";
			targets = (
				A6AA19F52612CE4E00B5B722 /* TTC-Routes */,
			);
		};
/* End PBXProject section */

/* Begin PBXResourcesBuildPhase section */
		A6AA19F42612CE4E00B5B722 /* Resources */ = {
			isa = PBXResourcesBuildPhase;
			buildActionMask = 2147483647;
			files = (
				A6AA1A062612CE4E00B5B722 /* LaunchScreen.storyboard in Resources */,
				A6AA1A032612CE4E00B5B722 /* Assets.xcassets in Resources */,
			);
			runOnlyForDeploymentPostprocessing = 0;
		};
/* End PBXResourcesBuildPhase section */

/* Begin PBXSourcesBuildPhase section */
		A6AA19F22612CE4E00B5B722 /* Sources */ = {
			isa = PBXSourcesBuildPhase;
			buildActionMask = 2147483647;
			files = (
				A6AA19FA2612CE4E00B5B722 /* AppDelegate.swift in Sources */,
				A6AA1A122612CF8000B5B722 /* StopListController.swift in Sources */,
				A6AA1A192612CFD800B5B722 /* WebService.swift in Sources */,
				A6AA1A1D2612D15800B5B722 /* Route.swift in Sources */,
				A6AA19FC2612CE4E00B5B722 /* SceneDelegate.swift in Sources */,
				A6AA1A202612D19900B5B722 /* Stop.swift in Sources */,
			);
			runOnlyForDeploymentPostprocessing = 0;
		};
/* End PBXSourcesBuildPhase section */

/* Begin PBXVariantGroup section */
		A6AA1A042612CE4E00B5B722 /* LaunchScreen.storyboard */ = {
			isa = PBXVariantGroup;
			children = (
				A6AA1A052612CE4E00B5B722 /* Base */,
			);
			name = LaunchScreen.storyboard;
			sourceTree = "<group>";
		};
/* End PBXVariantGroup section */

/* Begin XCBuildConfiguration section */
		A6AA1A082612CE4E00B5B722 /* Debug */ = {
			isa = XCBuildConfiguration;
			buildSettings = {
				ALWAYS_SEARCH_USER_PATHS = NO;
				CLANG_ANALYZER_NONNULL = YES;
				CLANG_ANALYZER_NUMBER_OBJECT_CONVERSION = YES_AGGRESSIVE;
				CLANG_CXX_LANGUAGE_STANDARD = "gnu++14";
				CLANG_CXX_LIBRARY = "libc++";
				CLANG_ENABLE_MODULES = YES;
				CLANG_ENABLE_OBJC_ARC = YES;
				CLANG_ENABLE_OBJC_WEAK = YES;
				CLANG_WARN_BLOCK_CAPTURE_AUTORELEASING = YES;
				CLANG_WARN_BOOL_CONVERSION = YES;
				CLANG_WARN_COMMA = YES;
				CLANG_WARN_CONSTANT_CONVERSION = YES;
				CLANG_WARN_DEPRECATED_OBJC_IMPLEMENTATIONS = YES;
				CLANG_WARN_DIRECT_OBJC_ISA_USAGE = YES_ERROR;
				CLANG_WARN_DOCUMENTATION_COMMENTS = YES;
				CLANG_WARN_EMPTY_BODY = YES;
				CLANG_WARN_ENUM_CONVERSION = YES;
				CLANG_WARN_INFINITE_RECURSION = YES;
				CLANG_WARN_INT_CONVERSION = YES;
				CLANG_WARN_NON_LITERAL_NULL_CONVERSION = YES;
				CLANG_WARN_OBJC_IMPLICIT_RETAIN_SELF = YES;
				CLANG_WARN_OBJC_LITERAL_CONVERSION = YES;
				CLANG_WARN_OBJC_ROOT_CLASS = YES_ERROR;
				CLANG_WARN_QUOTED_INCLUDE_IN_FRAMEWORK_HEADER = YES;
				CLANG_WARN_RANGE_LOOP_ANALYSIS = YES;
				CLANG_WARN_STRICT_PROTOTYPES = YES;
				CLANG_WARN_SUSPICIOUS_MOVE = YES;
				CLANG_WARN_UNGUARDED_AVAILABILITY = YES_AGGRESSIVE;
				CLANG_WARN_UNREACHABLE_CODE = YES;
				CLANG_WARN__DUPLICATE_METHOD_MATCH = YES;
				COPY_PHASE_STRIP = NO;
				DEBUG_INFORMATION_FORMAT = dwarf;
				ENABLE_STRICT_OBJC_MSGSEND = YES;
				ENABLE_TESTABILITY = YES;
				GCC_C_LANGUAGE_STANDARD = gnu11;
				GCC_DYNAMIC_NO_PIC = NO;
				GCC_NO_COMMON_BLOCKS = YES;
				GCC_OPTIMIZATION_LEVEL = 0;
				GCC_PREPROCESSOR_DEFINITIONS = (
					"DEBUG=1",
					"$(inherited)",
				);
				GCC_WARN_64_TO_32_BIT_CONVERSION = YES;
				GCC_WARN_ABOUT_RETURN_TYPE = YES_ERROR;
				GCC_WARN_UNDECLARED_SELECTOR = YES;
				GCC_WARN_UNINITIALIZED_AUTOS = YES_AGGRESSIVE;
				GCC_WARN_UNUSED_FUNCTION = YES;
				GCC_WARN_UNUSED_VARIABLE = YES;
				IPHONEOS_DEPLOYMENT_TARGET = 14.4;
				MTL_ENABLE_DEBUG_INFO = INCLUDE_SOURCE;
				MTL_FAST_MATH = YES;
				ONLY_ACTIVE_ARCH = YES;
				SDKROOT = iphoneos;
				SWIFT_ACTIVE_COMPILATION_CONDITIONS = DEBUG;
				SWIFT_OPTIMIZATION_LEVEL = "-Onone";
			};
			name = Debug;
		};
		A6AA1A092612CE4E00B5B722 /* Release */ = {
			isa = XCBuildConfiguration;
			buildSettings = {
				ALWAYS_SEARCH_USER_PATHS = NO;
				CLANG_ANALYZER_NONNULL = YES;
				CLANG_ANALYZER_NUMBER_OBJECT_CONVERSION = YES_AGGRESSIVE;
				CLANG_CXX_LANGUAGE_STANDARD = "gnu++14";
				CLANG_CXX_LIBRARY = "libc++";
				CLANG_ENABLE_MODULES = YES;
				CLANG_ENABLE_OBJC_ARC = YES;
				CLANG_ENABLE_OBJC_WEAK = YES;
				CLANG_WARN_BLOCK_CAPTURE_AUTORELEASING = YES;
				CLANG_WARN_BOOL_CONVERSION = YES;
				CLANG_WARN_COMMA = YES;
				CLANG_WARN_CONSTANT_CONVERSION = YES;
				CLANG_WARN_DEPRECATED_OBJC_IMPLEMENTATIONS = YES;
				CLANG_WARN_DIRECT_OBJC_ISA_USAGE = YES_ERROR;
				CLANG_WARN_DOCUMENTATION_COMMENTS = YES;
				CLANG_WARN_EMPTY_BODY = YES;
				CLANG_WARN_ENUM_CONVERSION = YES;
				CLANG_WARN_INFINITE_RECURSION = YES;
				CLANG_WARN_INT_CONVERSION = YES;
				CLANG_WARN_NON_LITERAL_NULL_CONVERSION = YES;
				CLANG_WARN_OBJC_IMPLICIT_RETAIN_SELF = YES;
				CLANG_WARN_OBJC_LITERAL_CONVERSION = YES;
				CLANG_WARN_OBJC_ROOT_CLASS = YES_ERROR;
				CLANG_WARN_QUOTED_INCLUDE_IN_FRAMEWORK_HEADER = YES;
				CLANG_WARN_RANGE_LOOP_ANALYSIS = YES;
				CLANG_WARN_STRICT_PROTOTYPES = YES;
				CLANG_WARN_SUSPICIOUS_MOVE = YES;
				CLANG_WARN_UNGUARDED_AVAILABILITY = YES_AGGRESSIVE;
				CLANG_WARN_UNREACHABLE_CODE = YES;
				CLANG_WARN__DUPLICATE_METHOD_MATCH = YES;
				COPY_PHASE_STRIP = NO;
				DEBUG_INFORMATION_FORMAT = "dwarf-with-dsym";
				ENABLE_NS_ASSERTIONS = NO;
				ENABLE_STRICT_OBJC_MSGSEND = YES;
				GCC_C_LANGUAGE_STANDARD = gnu11;
				GCC_NO_COMMON_BLOCKS = YES;
				GCC_WARN_64_TO_32_BIT_CONVERSION = YES;
				GCC_WARN_ABOUT_RETURN_TYPE = YES_ERROR;
				GCC_WARN_UNDECLARED_SELECTOR = YES;
				GCC_WARN_UNINITIALIZED_AUTOS = YES_AGGRESSIVE;
				GCC_WARN_UNUSED_FUNCTION = YES;
				GCC_WARN_UNUSED_VARIABLE = YES;
				IPHONEOS_DEPLOYMENT_TARGET = 14.4;
				MTL_ENABLE_DEBUG_INFO = NO;
				MTL_FAST_MATH = YES;
				SDKROOT = iphoneos;
				SWIFT_COMPILATION_MODE = wholemodule;
				SWIFT_OPTIMIZATION_LEVEL = "-O";
				VALIDATE_PRODUCT = YES;
			};
			name = Release;
		};
		A6AA1A0B2612CE4E00B5B722 /* Debug */ = {
			isa = XCBuildConfiguration;
			buildSettings = {
				ASSETCATALOG_COMPILER_APPICON_NAME = AppIcon;
				ASSETCATALOG_COMPILER_GLOBAL_ACCENT_COLOR_NAME = AccentColor;
				CODE_SIGN_STYLE = Automatic;
				DEVELOPMENT_TEAM = T792HGNPDD;
				INFOPLIST_FILE = "TTC-Routes/Info.plist";
				LD_RUNPATH_SEARCH_PATHS = (
					"$(inherited)",
					"@executable_path/Frameworks",
				);
				PRODUCT_BUNDLE_IDENTIFIER = "com.senducusin.TTC-Routes";
				PRODUCT_NAME = "$(TARGET_NAME)";
				SWIFT_VERSION = 5.0;
				TARGETED_DEVICE_FAMILY = "1,2";
			};
			name = Debug;
		};
		A6AA1A0C2612CE4E00B5B722 /* Release */ = {
			isa = XCBuildConfiguration;
			buildSettings = {
				ASSETCATALOG_COMPILER_APPICON_NAME = AppIcon;
				ASSETCATALOG_COMPILER_GLOBAL_ACCENT_COLOR_NAME = AccentColor;
				CODE_SIGN_STYLE = Automatic;
				DEVELOPMENT_TEAM = T792HGNPDD;
				INFOPLIST_FILE = "TTC-Routes/Info.plist";
				LD_RUNPATH_SEARCH_PATHS = (
					"$(inherited)",
					"@executable_path/Frameworks",
				);
				PRODUCT_BUNDLE_IDENTIFIER = "com.senducusin.TTC-Routes";
				PRODUCT_NAME = "$(TARGET_NAME)";
				SWIFT_VERSION = 5.0;
				TARGETED_DEVICE_FAMILY = "1,2";
			};
			name = Release;
		};
/* End XCBuildConfiguration section */

/* Begin XCConfigurationList section */
		A6AA19F12612CE4E00B5B722 /* Build configuration list for PBXProject "TTC-Routes" */ = {
			isa = XCConfigurationList;
			buildConfigurations = (
				A6AA1A082612CE4E00B5B722 /* Debug */,
				A6AA1A092612CE4E00B5B722 /* Release */,
			);
			defaultConfigurationIsVisible = 0;
			defaultConfigurationName = Release;
		};
		A6AA1A0A2612CE4E00B5B722 /* Build configuration list for PBXNativeTarget "TTC-Routes" */ = {
			isa = XCConfigurationList;
			buildConfigurations = (
				A6AA1A0B2612CE4E00B5B722 /* Debug */,
				A6AA1A0C2612CE4E00B5B722 /* Release */,
			);
			defaultConfigurationIsVisible = 0;
			defaultConfigurationName = Release;
		};
/* End XCConfigurationList section */
	};
	rootObject = A6AA19EE2612CE4E00B5B722 /* Project object */;
}
